// !$*UTF8*$!
{
	archiveVersion = 1;
	classes = {
	};
	objectVersion = 46;
	objects = {

/* Begin PBXBuildFile section */
		1F8E7BA21EC47A4E00C956BD /* AppDelegate.swift in Sources */ = {isa = PBXBuildFile; fileRef = 1F8E7BA11EC47A4E00C956BD /* AppDelegate.swift */; };
		1F8E7BA41EC47A4E00C956BD /* ViewController.swift in Sources */ = {isa = PBXBuildFile; fileRef = 1F8E7BA31EC47A4E00C956BD /* ViewController.swift */; };
		1F8E7BA71EC47A4E00C956BD /* Main.storyboard in Resources */ = {isa = PBXBuildFile; fileRef = 1F8E7BA51EC47A4E00C956BD /* Main.storyboard */; };
		1F8E7BA91EC47A4E00C956BD /* Assets.xcassets in Resources */ = {isa = PBXBuildFile; fileRef = 1F8E7BA81EC47A4E00C956BD /* Assets.xcassets */; };
		1F8E7BAC1EC47A4E00C956BD /* LaunchScreen.storyboard in Resources */ = {isa = PBXBuildFile; fileRef = 1F8E7BAA1EC47A4E00C956BD /* LaunchScreen.storyboard */; };
/* End PBXBuildFile section */

/* Begin PBXFileReference section */
		1F8E7B9E1EC47A4E00C956BD /* Destorytheworld.app */ = {isa = PBXFileReference; explicitFileType = wrapper.application; includeInIndex = 0; path = Destorytheworld.app; sourceTree = BUILT_PRODUCTS_DIR; };
		1F8E7BA11EC47A4E00C956BD /* AppDelegate.swift */ = {isa = PBXFileReference; lastKnownFileType = sourcecode.swift; path = AppDelegate.swift; sourceTree = "<group>"; };
		1F8E7BA31EC47A4E00C956BD /* ViewController.swift */ = {isa = PBXFileReference; lastKnownFileType = sourcecode.swift; path = ViewController.swift; sourceTree = "<group>"; };
		1F8E7BA61EC47A4E00C956BD /* Base */ = {isa = PBXFileReference; lastKnownFileType = file.storyboard; name = Base; path = Base.lproj/Main.storyboard; sourceTree = "<group>"; };
		1F8E7BA81EC47A4E00C956BD /* Assets.xcassets */ = {isa = PBXFileReference; lastKnownFileType = folder.assetcatalog; path = Assets.xcassets; sourceTree = "<group>"; };
		1F8E7BAB1EC47A4E00C956BD /* Base */ = {isa = PBXFileReference; lastKnownFileType = file.storyboard; name = Base; path = Base.lproj/LaunchScreen.storyboard; sourceTree = "<group>"; };
		1F8E7BAD1EC47A4E00C956BD /* Info.plist */ = {isa = PBXFileReference; lastKnownFileType = text.plist.xml; path = Info.plist; sourceTree = "<group>"; };
/* End PBXFileReference section */

/* Begin PBXFrameworksBuildPhase section */
		1F8E7B9B1EC47A4E00C956BD /* Frameworks */ = {
			isa = PBXFrameworksBuildPhase;
			buildActionMask = 2147483647;
			files = (
			);
			runOnlyForDeploymentPostprocessing = 0;
		};
/* End PBXFrameworksBuildPhase section */

/* Begin PBXGroup section */
		1F8E7B951EC47A4E00C956BD = {
			isa = PBXGroup;
			children = (
				1F8E7BA01EC47A4E00C956BD /* Destorytheworld */,
				1F8E7B9F1EC47A4E00C956BD /* Products */,
			);
			sourceTree = "<group>";
		};
		1F8E7B9F1EC47A4E00C956BD /* Products */ = {
			isa = PBXGroup;
			children = (
				1F8E7B9E1EC47A4E00C956BD /* Destorytheworld.app */,
			);
			name = Products;
			sourceTree = "<group>";
		};
		1F8E7BA01EC47A4E00C956BD /* Destorytheworld */ = {
			isa = PBXGroup;
			children = (
				1F8E7BA11EC47A4E00C956BD /* AppDelegate.swift */,
				1F8E7BA31EC47A4E00C956BD /* ViewController.swift */,
				1F8E7BA51EC47A4E00C956BD /* Main.storyboard */,
				1F8E7BA81EC47A4E00C956BD /* Assets.xcassets */,
				1F8E7BAA1EC47A4E00C956BD /* LaunchScreen.storyboard */,
				1F8E7BAD1EC47A4E00C956BD /* Info.plist */,
			);
			path = Destorytheworld;
			sourceTree = "<group>";
		};
/* End PBXGroup section */

/* Begin PBXNativeTarget section */
		1F8E7B9D1EC47A4E00C956BD /* Destorytheworld */ = {
			isa = PBXNativeTarget;
			buildConfigurationList = 1F8E7BB01EC47A4E00C956BD /* Build configuration list for PBXNativeTarget "Destorytheworld" */;
			buildPhases = (
				1F8E7B9A1EC47A4E00C956BD /* Sources */,
				1F8E7B9B1EC47A4E00C956BD /* Frameworks */,
				1F8E7B9C1EC47A4E00C956BD /* Resources */,
			);
			buildRules = (
			);
			dependencies = (
			);
			name = Destorytheworld;
			productName = Destorytheworld;
			productReference = 1F8E7B9E1EC47A4E00C956BD /* Destorytheworld.app */;
			productType = "com.apple.product-type.application";
		};
/* End PBXNativeTarget section */

/* Begin PBXProject section */
		1F8E7B961EC47A4E00C956BD /* Project object */ = {
			isa = PBXProject;
			attributes = {
				LastSwiftUpdateCheck = 0830;
				LastUpgradeCheck = 0830;
				ORGANIZATIONNAME = Jeff;
				TargetAttributes = {
					1F8E7B9D1EC47A4E00C956BD = {
						CreatedOnToolsVersion = 8.3.2;
						ProvisioningStyle = Automatic;
					};
				};
			};
			buildConfigurationList = 1F8E7B991EC47A4E00C956BD /* Build configuration list for PBXProject "Destorytheworld" */;
			compatibilityVersion = "Xcode 3.2";
			developmentRegion = English;
			hasScannedForEncodings = 0;
			knownRegions = (
				en,
				Base,
			);
			mainGroup = 1F8E7B951EC47A4E00C956BD;
			productRefGroup = 1F8E7B9F1EC47A4E00C956BD /* Products */;
			projectDirPath = "";
			projectRoot = "";
			targets = (
				1F8E7B9D1EC47A4E00C956BD /* Destorytheworld */,
			);
		};
/* End PBXProject section */

/* Begin PBXResourcesBuildPhase section */
		1F8E7B9C1EC47A4E00C956BD /* Resources */ = {
			isa = PBXResourcesBuildPhase;
			buildActionMask = 2147483647;
			files = (
				1F8E7BAC1EC47A4E00C956BD /* LaunchScreen.storyboard in Resources */,
				1F8E7BA91EC47A4E00C956BD /* Assets.xcassets in Resources */,
				1F8E7BA71EC47A4E00C956BD /* Main.storyboard in Resources */,
			);
			runOnlyForDeploymentPostprocessing = 0;
		};
/* End PBXResourcesBuildPhase section */

/* Begin PBXSourcesBuildPhase section */
		1F8E7B9A1EC47A4E00C956BD /* Sources */ = {
			isa = PBXSourcesBuildPhase;
			buildActionMask = 2147483647;
			files = (
				1F8E7BA41EC47A4E00C956BD /* ViewController.swift in Sources */,
				1F8E7BA21EC47A4E00C956BD /* AppDelegate.swift in Sources */,
			);
			runOnlyForDeploymentPostprocessing = 0;
		};
/* End PBXSourcesBuildPhase section */

/* Begin PBXVariantGroup section */
		1F8E7BA51EC47A4E00C956BD /* Main.storyboard */ = {
			isa = PBXVariantGroup;
			children = (
				1F8E7BA61EC47A4E00C956BD /* Base */,
			);
			name = Main.storyboard;
			sourceTree = "<group>";
		};
		1F8E7BAA1EC47A4E00C956BD /* LaunchScreen.storyboard */ = {
			isa = PBXVariantGroup;
			children = (
				1F8E7BAB1EC47A4E00C956BD /* Base */,
			);
			name = LaunchScreen.storyboard;
			sourceTree = "<group>";
		};
/* End PBXVariantGroup section */

/* Begin XCBuildConfiguration section */
		1F8E7BAE1EC47A4E00C956BD /* Debug */ = {
			isa = XCBuildConfiguration;
			buildSettings = {
				ALWAYS_SEARCH_USER_PATHS = NO;
				CLANG_ANALYZER_NONNULL = YES;
				CLANG_ANALYZER_NUMBER_OBJECT_CONVERSION = YES_AGGRESSIVE;
				CLANG_CXX_LANGUAGE_STANDARD = "gnu++0x";
				CLANG_CXX_LIBRARY = "libc++";
				CLANG_ENABLE_MODULES = YES;
				CLANG_ENABLE_OBJC_ARC = YES;
				CLANG_WARN_BOOL_CONVERSION = YES;
				CLANG_WARN_CONSTANT_CONVERSION = YES;
				CLANG_WARN_DIRECT_OBJC_ISA_USAGE = YES_ERROR;
				CLANG_WARN_DOCUMENTATION_COMMENTS = YES;
				CLANG_WARN_EMPTY_BODY = YES;
				CLANG_WARN_ENUM_CONVERSION = YES;
				CLANG_WARN_INFINITE_RECURSION = YES;
				CLANG_WARN_INT_CONVERSION = YES;
				CLANG_WARN_OBJC_ROOT_CLASS = YES_ERROR;
				CLANG_WARN_SUSPICIOUS_MOVE = YES;
				CLANG_WARN_UNREACHABLE_CODE = YES;
				CLANG_WARN__DUPLICATE_METHOD_MATCH = YES;
				"CODE_SIGN_IDENTITY[sdk=iphoneos*]" = "iPhone Developer";
				COPY_PHASE_STRIP = NO;
				DEBUG_INFORMATION_FORMAT = dwarf;
				ENABLE_STRICT_OBJC_MSGSEND = YES;
				ENABLE_TESTABILITY = YES;
				GCC_C_LANGUAGE_STANDARD = gnu99;
				GCC_DYNAMIC_NO_PIC = NO;
				GCC_NO_COMMON_BLOCKS = YES;
				GCC_OPTIMIZATION_LEVEL = 0;
				GCC_PREPROCESSOR_DEFINITIONS = (
					"DEBUG=1",
					"$(inherited)",
				);
				GCC_WARN_64_TO_32_BIT_CONVERSION = YES;
				GCC_WARN_ABOUT_RETURN_TYPE = YES_ERROR;
				GCC_WARN_UNDECLARED_SELECTOR = YES;
				GCC_WARN_UNINITIALIZED_AUTOS = YES_AGGRESSIVE;
				GCC_WARN_UNUSED_FUNCTION = YES;
				GCC_WARN_UNUSED_VARIABLE = YES;
				IPHONEOS_DEPLOYMENT_TARGET = 10.3;
				MTL_ENABLE_DEBUG_INFO = YES;
				ONLY_ACTIVE_ARCH = YES;
				SDKROOT = iphoneos;
				SWIFT_ACTIVE_COMPILATION_CONDITIONS = DEBUG;
				SWIFT_OPTIMIZATION_LEVEL = "-Onone";
				TARGETED_DEVICE_FAMILY = "1,2";
			};
			name = Debug;
		};
		1F8E7BAF1EC47A4E00C956BD /* Release */ = {
			isa = XCBuildConfiguration;
			buildSettings = {
				ALWAYS_SEARCH_USER_PATHS = NO;
				CLANG_ANALYZER_NONNULL = YES;
				CLANG_ANALYZER_NUMBER_OBJECT_CONVERSION = YES_AGGRESSIVE;
				CLANG_CXX_LANGUAGE_STANDARD = "gnu++0x";
				CLANG_CXX_LIBRARY = "libc++";
				CLANG_ENABLE_MODULES = YES;
				CLANG_ENABLE_OBJC_ARC = YES;
				CLANG_WARN_BOOL_CONVERSION = YES;
				CLANG_WARN_CONSTANT_CONVERSION = YES;
				CLANG_WARN_DIRECT_OBJC_ISA_USAGE = YES_ERROR;
				CLANG_WARN_DOCUMENTATION_COMMENTS = YES;
				CLANG_WARN_EMPTY_BODY = YES;
				CLANG_WARN_ENUM_CONVERSION = YES;
				CLANG_WARN_INFINITE_RECURSION = YES;
				CLANG_WARN_INT_CONVERSION = YES;
				CLANG_WARN_OBJC_ROOT_CLASS = YES_ERROR;
				CLANG_WARN_SUSPICIOUS_MOVE = YES;
				CLANG_WARN_UNREACHABLE_CODE = YES;
				CLANG_WARN__DUPLICATE_METHOD_MATCH = YES;
				"CODE_SIGN_IDENTITY[sdk=iphoneos*]" = "iPhone Developer";
				COPY_PHASE_STRIP = NO;
				DEBUG_INFORMATION_FORMAT = "dwarf-with-dsym";
				ENABLE_NS_ASSERTIONS = NO;
				ENABLE_STRICT_OBJC_MSGSEND = YES;
				GCC_C_LANGUAGE_STANDARD = gnu99;
				GCC_NO_COMMON_BLOCKS = YES;
				GCC_WARN_64_TO_32_BIT_CONVERSION = YES;
				GCC_WARN_ABOUT_RETURN_TYPE = YES_ERROR;
				GCC_WARN_UNDECLARED_SELECTOR = YES;
				GCC_WARN_UNINITIALIZED_AUTOS = YES_AGGRESSIVE;
				GCC_WARN_UNUSED_FUNCTION = YES;
				GCC_WARN_UNUSED_VARIABLE = YES;
				IPHONEOS_DEPLOYMENT_TARGET = 10.3;
				MTL_ENABLE_DEBUG_INFO = NO;
				SDKROOT = iphoneos;
				SWIFT_OPTIMIZATION_LEVEL = "-Owholemodule";
				TARGETED_DEVICE_FAMILY = "1,2";
				VALIDATE_PRODUCT = YES;
			};
			name = Release;
		};
		1F8E7BB11EC47A4E00C956BD /* Debug */ = {
			isa = XCBuildConfiguration;
			buildSettings = {
				ASSETCATALOG_COMPILER_APPICON_NAME = AppIcon;
				INFOPLIST_FILE = Destorytheworld/Info.plist;
				LD_RUNPATH_SEARCH_PATHS = "$(inherited) @executable_path/Frameworks";
				PRODUCT_BUNDLE_IDENTIFIER = lesson1.Destorytheworld;
				PRODUCT_NAME = "$(TARGET_NAME)";
				SWIFT_VERSION = 3.0;
			};
			name = Debug;
		};
		1F8E7BB21EC47A4E00C956BD /* Release */ = {
			isa = XCBuildConfiguration;
			buildSettings = {
				ASSETCATALOG_COMPILER_APPICON_NAME = AppIcon;
				INFOPLIST_FILE = Destorytheworld/Info.plist;
				LD_RUNPATH_SEARCH_PATHS = "$(inherited) @executable_path/Frameworks";
				PRODUCT_BUNDLE_IDENTIFIER = lesson1.Destorytheworld;
				PRODUCT_NAME = "$(TARGET_NAME)";
				SWIFT_VERSION = 3.0;
			};
			name = Release;
		};
/* End XCBuildConfiguration section */

/* Begin XCConfigurationList section */
		1F8E7B991EC47A4E00C956BD /* Build configuration list for PBXProject "Destorytheworld" */ = {
			isa = XCConfigurationList;
			buildConfigurations = (
				1F8E7BAE1EC47A4E00C956BD /* Debug */,
				1F8E7BAF1EC47A4E00C956BD /* Release */,
			);
			defaultConfigurationIsVisible = 0;
			defaultConfigurationName = Release;
		};
		1F8E7BB01EC47A4E00C956BD /* Build configuration list for PBXNativeTarget "Destorytheworld" */ = {
			isa = XCConfigurationList;
			buildConfigurations = (
				1F8E7BB11EC47A4E00C956BD /* Debug */,
				1F8E7BB21EC47A4E00C956BD /* Release */,
			);
			defaultConfigurationIsVisible = 0;
		};
/* End XCConfigurationList section */
	};
	rootObject = 1F8E7B961EC47A4E00C956BD /* Project object */;
}
